// !$*UTF8*$!
{
	archiveVersion = 1;
	classes = {
	};
	objectVersion = 55;
	objects = {

/* Begin PBXBuildFile section */
		A52581CF29620FCE00136BE7 /* Pulsator in Frameworks */ = {isa = PBXBuildFile; productRef = A52581CE29620FCE00136BE7 /* Pulsator */; };
		A52581D129621DCA00136BE7 /* Constants.swift in Sources */ = {isa = PBXBuildFile; fileRef = A52581D029621DCA00136BE7 /* Constants.swift */; };
		A52581D42962441100136BE7 /* UIOnboarding in Frameworks */ = {isa = PBXBuildFile; productRef = A52581D32962441100136BE7 /* UIOnboarding */; };
		A52581D62962442C00136BE7 /* Onboarding.swift in Sources */ = {isa = PBXBuildFile; fileRef = A52581D52962442C00136BE7 /* Onboarding.swift */; };
		A52581DB2963237B00136BE7 /* EasyTipView in Frameworks */ = {isa = PBXBuildFile; productRef = A52581DA2963237B00136BE7 /* EasyTipView */; };
		A52581DE2963868800136BE7 /* Flurry in Frameworks */ = {isa = PBXBuildFile; productRef = A52581DD2963868800136BE7 /* Flurry */; };
		A52581E02963868800136BE7 /* FlurryConfig in Frameworks */ = {isa = PBXBuildFile; productRef = A52581DF2963868800136BE7 /* FlurryConfig */; };
		A52581E22963868800136BE7 /* FlurryMessaging in Frameworks */ = {isa = PBXBuildFile; productRef = A52581E12963868800136BE7 /* FlurryMessaging */; };
		A529C2B428FEF60500E2FD55 /* AppDelegate.swift in Sources */ = {isa = PBXBuildFile; fileRef = A529C2B328FEF60500E2FD55 /* AppDelegate.swift */; };
		A529C2BD28FEF60600E2FD55 /* Assets.xcassets in Resources */ = {isa = PBXBuildFile; fileRef = A529C2BC28FEF60600E2FD55 /* Assets.xcassets */; };
		A529C2C028FEF60600E2FD55 /* LaunchScreen.storyboard in Resources */ = {isa = PBXBuildFile; fileRef = A529C2BE28FEF60600E2FD55 /* LaunchScreen.storyboard */; };
		A529C30628FEFFA000E2FD55 /* BaseWireframe.swift in Sources */ = {isa = PBXBuildFile; fileRef = A529C30228FEFFA000E2FD55 /* BaseWireframe.swift */; };
		A529C30728FEFFA000E2FD55 /* ViewInterface.swift in Sources */ = {isa = PBXBuildFile; fileRef = A529C30328FEFFA000E2FD55 /* ViewInterface.swift */; };
		A529C30928FEFFA000E2FD55 /* PresenterInterface.swift in Sources */ = {isa = PBXBuildFile; fileRef = A529C30528FEFFA000E2FD55 /* PresenterInterface.swift */; };
		A551D0D82922958500241A76 /* TalkingScreenInterfaces.swift in Sources */ = {isa = PBXBuildFile; fileRef = A551D0D42922958500241A76 /* TalkingScreenInterfaces.swift */; };
		A551D0D92922958500241A76 /* TalkingScreenPresenter.swift in Sources */ = {isa = PBXBuildFile; fileRef = A551D0D52922958500241A76 /* TalkingScreenPresenter.swift */; };
		A551D0DA2922958500241A76 /* TalkingScreenViewController.swift in Sources */ = {isa = PBXBuildFile; fileRef = A551D0D62922958500241A76 /* TalkingScreenViewController.swift */; };
		A551D0DB2922958500241A76 /* TalkingScreenWireframe.swift in Sources */ = {isa = PBXBuildFile; fileRef = A551D0D72922958500241A76 /* TalkingScreenWireframe.swift */; };
		A551D0E0292295A100241A76 /* DiscoveryScreenInterfaces.swift in Sources */ = {isa = PBXBuildFile; fileRef = A551D0DC292295A100241A76 /* DiscoveryScreenInterfaces.swift */; };
		A551D0E1292295A100241A76 /* DiscoveryScreenPresenter.swift in Sources */ = {isa = PBXBuildFile; fileRef = A551D0DD292295A100241A76 /* DiscoveryScreenPresenter.swift */; };
		A551D0E2292295A100241A76 /* DiscoveryScreenViewController.swift in Sources */ = {isa = PBXBuildFile; fileRef = A551D0DE292295A100241A76 /* DiscoveryScreenViewController.swift */; };
		A551D0E3292295A100241A76 /* DiscoveryScreenWireframe.swift in Sources */ = {isa = PBXBuildFile; fileRef = A551D0DF292295A100241A76 /* DiscoveryScreenWireframe.swift */; };
		A551D0E62922A8B600241A76 /* PeerModel.swift in Sources */ = {isa = PBXBuildFile; fileRef = A551D0E52922A8B600241A76 /* PeerModel.swift */; };
		A551D0E82922A91D00241A76 /* TalkBlockReason.swift in Sources */ = {isa = PBXBuildFile; fileRef = A551D0E72922A91D00241A76 /* TalkBlockReason.swift */; };
		A551D0EB2922D43B00241A76 /* PeerCell.swift in Sources */ = {isa = PBXBuildFile; fileRef = A551D0EA2922D43B00241A76 /* PeerCell.swift */; };
		A551D0ED2922D45500241A76 /* Section.swift in Sources */ = {isa = PBXBuildFile; fileRef = A551D0EC2922D45500241A76 /* Section.swift */; };
		A5D629832925718000FF8C96 /* LocationManager.swift in Sources */ = {isa = PBXBuildFile; fileRef = A5D629822925718000FF8C96 /* LocationManager.swift */; };
		A5E6A2BE292A7ECE005018E8 /* GradientLoadingBar in Frameworks */ = {isa = PBXBuildFile; productRef = A5E6A2BD292A7ECE005018E8 /* GradientLoadingBar */; };
		A5F0DC72291C0AE800253DB3 /* ConnectionManager.swift in Sources */ = {isa = PBXBuildFile; fileRef = A5F0DC71291C0AE800253DB3 /* ConnectionManager.swift */; };
		A5F0DC75291C0E2700253DB3 /* SnapKit in Frameworks */ = {isa = PBXBuildFile; productRef = A5F0DC74291C0E2700253DB3 /* SnapKit */; };
		A5F0DC78291C167B00253DB3 /* Reusable in Frameworks */ = {isa = PBXBuildFile; productRef = A5F0DC77291C167B00253DB3 /* Reusable */; };
		A5F0DC7D291C252D00253DB3 /* SPIndicator in Frameworks */ = {isa = PBXBuildFile; productRef = A5F0DC7C291C252D00253DB3 /* SPIndicator */; };
		A5F0DC7F291C2AF000253DB3 /* AudioStreamer.swift in Sources */ = {isa = PBXBuildFile; fileRef = A5F0DC7E291C2AF000253DB3 /* AudioStreamer.swift */; };
/* End PBXBuildFile section */

/* Begin PBXFileReference section */
		A52581D029621DCA00136BE7 /* Constants.swift */ = {isa = PBXFileReference; lastKnownFileType = sourcecode.swift; path = Constants.swift; sourceTree = "<group>"; };
		A52581D52962442C00136BE7 /* Onboarding.swift */ = {isa = PBXFileReference; lastKnownFileType = sourcecode.swift; path = Onboarding.swift; sourceTree = "<group>"; };
		A529C2B028FEF60500E2FD55 /* Task1.app */ = {isa = PBXFileReference; explicitFileType = wrapper.application; includeInIndex = 0; path = Task1.app; sourceTree = BUILT_PRODUCTS_DIR; };
		A529C2B328FEF60500E2FD55 /* AppDelegate.swift */ = {isa = PBXFileReference; lastKnownFileType = sourcecode.swift; path = AppDelegate.swift; sourceTree = "<group>"; };
		A529C2BC28FEF60600E2FD55 /* Assets.xcassets */ = {isa = PBXFileReference; lastKnownFileType = folder.assetcatalog; path = Assets.xcassets; sourceTree = "<group>"; };
		A529C2BF28FEF60600E2FD55 /* Base */ = {isa = PBXFileReference; lastKnownFileType = file.storyboard; name = Base; path = Base.lproj/LaunchScreen.storyboard; sourceTree = "<group>"; };
		A529C2C128FEF60600E2FD55 /* Info.plist */ = {isa = PBXFileReference; lastKnownFileType = text.plist.xml; path = Info.plist; sourceTree = "<group>"; };
		A529C30228FEFFA000E2FD55 /* BaseWireframe.swift */ = {isa = PBXFileReference; fileEncoding = 4; lastKnownFileType = sourcecode.swift; path = BaseWireframe.swift; sourceTree = "<group>"; };
		A529C30328FEFFA000E2FD55 /* ViewInterface.swift */ = {isa = PBXFileReference; fileEncoding = 4; lastKnownFileType = sourcecode.swift; path = ViewInterface.swift; sourceTree = "<group>"; };
		A529C30528FEFFA000E2FD55 /* PresenterInterface.swift */ = {isa = PBXFileReference; fileEncoding = 4; lastKnownFileType = sourcecode.swift; path = PresenterInterface.swift; sourceTree = "<group>"; };
		A551D0D42922958500241A76 /* TalkingScreenInterfaces.swift */ = {isa = PBXFileReference; lastKnownFileType = sourcecode.swift; path = TalkingScreenInterfaces.swift; sourceTree = "<group>"; };
		A551D0D52922958500241A76 /* TalkingScreenPresenter.swift */ = {isa = PBXFileReference; lastKnownFileType = sourcecode.swift; path = TalkingScreenPresenter.swift; sourceTree = "<group>"; };
		A551D0D62922958500241A76 /* TalkingScreenViewController.swift */ = {isa = PBXFileReference; lastKnownFileType = sourcecode.swift; path = TalkingScreenViewController.swift; sourceTree = "<group>"; };
		A551D0D72922958500241A76 /* TalkingScreenWireframe.swift */ = {isa = PBXFileReference; lastKnownFileType = sourcecode.swift; path = TalkingScreenWireframe.swift; sourceTree = "<group>"; };
		A551D0DC292295A100241A76 /* DiscoveryScreenInterfaces.swift */ = {isa = PBXFileReference; lastKnownFileType = sourcecode.swift; path = DiscoveryScreenInterfaces.swift; sourceTree = "<group>"; };
		A551D0DD292295A100241A76 /* DiscoveryScreenPresenter.swift */ = {isa = PBXFileReference; lastKnownFileType = sourcecode.swift; path = DiscoveryScreenPresenter.swift; sourceTree = "<group>"; };
		A551D0DE292295A100241A76 /* DiscoveryScreenViewController.swift */ = {isa = PBXFileReference; lastKnownFileType = sourcecode.swift; path = DiscoveryScreenViewController.swift; sourceTree = "<group>"; };
		A551D0DF292295A100241A76 /* DiscoveryScreenWireframe.swift */ = {isa = PBXFileReference; lastKnownFileType = sourcecode.swift; path = DiscoveryScreenWireframe.swift; sourceTree = "<group>"; };
		A551D0E52922A8B600241A76 /* PeerModel.swift */ = {isa = PBXFileReference; lastKnownFileType = sourcecode.swift; path = PeerModel.swift; sourceTree = "<group>"; };
		A551D0E72922A91D00241A76 /* TalkBlockReason.swift */ = {isa = PBXFileReference; lastKnownFileType = sourcecode.swift; path = TalkBlockReason.swift; sourceTree = "<group>"; };
		A551D0EA2922D43B00241A76 /* PeerCell.swift */ = {isa = PBXFileReference; lastKnownFileType = sourcecode.swift; path = PeerCell.swift; sourceTree = "<group>"; };
		A551D0EC2922D45500241A76 /* Section.swift */ = {isa = PBXFileReference; lastKnownFileType = sourcecode.swift; path = Section.swift; sourceTree = "<group>"; };
		A5D629822925718000FF8C96 /* LocationManager.swift */ = {isa = PBXFileReference; lastKnownFileType = sourcecode.swift; path = LocationManager.swift; sourceTree = "<group>"; };
		A5F0DC71291C0AE800253DB3 /* ConnectionManager.swift */ = {isa = PBXFileReference; lastKnownFileType = sourcecode.swift; path = ConnectionManager.swift; sourceTree = "<group>"; };
		A5F0DC7E291C2AF000253DB3 /* AudioStreamer.swift */ = {isa = PBXFileReference; lastKnownFileType = sourcecode.swift; path = AudioStreamer.swift; sourceTree = "<group>"; };
/* End PBXFileReference section */

/* Begin PBXFrameworksBuildPhase section */
		A529C2AD28FEF60500E2FD55 /* Frameworks */ = {
			isa = PBXFrameworksBuildPhase;
			buildActionMask = 2147483647;
			files = (
				A5F0DC75291C0E2700253DB3 /* SnapKit in Frameworks */,
				A52581D42962441100136BE7 /* UIOnboarding in Frameworks */,
				A52581DE2963868800136BE7 /* Flurry in Frameworks */,
				A52581CF29620FCE00136BE7 /* Pulsator in Frameworks */,
				A52581E02963868800136BE7 /* FlurryConfig in Frameworks */,
				A52581E22963868800136BE7 /* FlurryMessaging in Frameworks */,
				A5F0DC78291C167B00253DB3 /* Reusable in Frameworks */,
				A52581DB2963237B00136BE7 /* EasyTipView in Frameworks */,
				A5F0DC7D291C252D00253DB3 /* SPIndicator in Frameworks */,
				A5E6A2BE292A7ECE005018E8 /* GradientLoadingBar in Frameworks */,
			);
			runOnlyForDeploymentPostprocessing = 0;
		};
/* End PBXFrameworksBuildPhase section */

/* Begin PBXGroup section */
		A529C2A728FEF60500E2FD55 = {
			isa = PBXGroup;
			children = (
				A529C2B228FEF60500E2FD55 /* Task1 */,
				A529C2B128FEF60500E2FD55 /* Products */,
			);
			sourceTree = "<group>";
		};
		A529C2B128FEF60500E2FD55 /* Products */ = {
			isa = PBXGroup;
			children = (
				A529C2B028FEF60500E2FD55 /* Task1.app */,
			);
			name = Products;
			sourceTree = "<group>";
		};
		A529C2B228FEF60500E2FD55 /* Task1 */ = {
			isa = PBXGroup;
			children = (
				A529C2C828FEF96200E2FD55 /* Application */,
				A529C2C928FEF96A00E2FD55 /* Modules */,
				A529C2CA28FEF96F00E2FD55 /* Resources */,
			);
			path = Task1;
			sourceTree = "<group>";
		};
		A529C2C828FEF96200E2FD55 /* Application */ = {
			isa = PBXGroup;
			children = (
				A529C30128FEFF7800E2FD55 /* ViperBase */,
				A529C2B328FEF60500E2FD55 /* AppDelegate.swift */,
				A529C2BE28FEF60600E2FD55 /* LaunchScreen.storyboard */,
				A529C2C128FEF60600E2FD55 /* Info.plist */,
				A52581D029621DCA00136BE7 /* Constants.swift */,
			);
			path = Application;
			sourceTree = "<group>";
		};
		A529C2C928FEF96A00E2FD55 /* Modules */ = {
			isa = PBXGroup;
			children = (
				A551D0D22922943100241A76 /* DiscoveryScreen */,
				A551D0D32922955B00241A76 /* TalkingScreen */,
				A5F0DC70291C0ADE00253DB3 /* Services */,
				A52581D52962442C00136BE7 /* Onboarding.swift */,
			);
			path = Modules;
			sourceTree = "<group>";
		};
		A529C2CA28FEF96F00E2FD55 /* Resources */ = {
			isa = PBXGroup;
			children = (
				A529C2BC28FEF60600E2FD55 /* Assets.xcassets */,
			);
			path = Resources;
			sourceTree = "<group>";
		};
		A529C30128FEFF7800E2FD55 /* ViperBase */ = {
			isa = PBXGroup;
			children = (
				A529C30228FEFFA000E2FD55 /* BaseWireframe.swift */,
				A529C30528FEFFA000E2FD55 /* PresenterInterface.swift */,
				A529C30328FEFFA000E2FD55 /* ViewInterface.swift */,
			);
			path = ViperBase;
			sourceTree = "<group>";
		};
		A551D0D22922943100241A76 /* DiscoveryScreen */ = {
			isa = PBXGroup;
			children = (
				A551D0E92922D43000241A76 /* Cells */,
				A551D0E42922A8A500241A76 /* Entities */,
				A551D0DC292295A100241A76 /* DiscoveryScreenInterfaces.swift */,
				A551D0DD292295A100241A76 /* DiscoveryScreenPresenter.swift */,
				A551D0DE292295A100241A76 /* DiscoveryScreenViewController.swift */,
				A551D0DF292295A100241A76 /* DiscoveryScreenWireframe.swift */,
			);
			path = DiscoveryScreen;
			sourceTree = "<group>";
		};
		A551D0D32922955B00241A76 /* TalkingScreen */ = {
			isa = PBXGroup;
			children = (
				A551D0D42922958500241A76 /* TalkingScreenInterfaces.swift */,
				A551D0D52922958500241A76 /* TalkingScreenPresenter.swift */,
				A551D0D62922958500241A76 /* TalkingScreenViewController.swift */,
				A551D0D72922958500241A76 /* TalkingScreenWireframe.swift */,
			);
			path = TalkingScreen;
			sourceTree = "<group>";
		};
		A551D0E42922A8A500241A76 /* Entities */ = {
			isa = PBXGroup;
			children = (
				A551D0E52922A8B600241A76 /* PeerModel.swift */,
				A551D0E72922A91D00241A76 /* TalkBlockReason.swift */,
			);
			path = Entities;
			sourceTree = "<group>";
		};
		A551D0E92922D43000241A76 /* Cells */ = {
			isa = PBXGroup;
			children = (
				A551D0EA2922D43B00241A76 /* PeerCell.swift */,
				A551D0EC2922D45500241A76 /* Section.swift */,
			);
			path = Cells;
			sourceTree = "<group>";
		};
		A5F0DC70291C0ADE00253DB3 /* Services */ = {
			isa = PBXGroup;
			children = (
				A5F0DC71291C0AE800253DB3 /* ConnectionManager.swift */,
				A5F0DC7E291C2AF000253DB3 /* AudioStreamer.swift */,
				A5D629822925718000FF8C96 /* LocationManager.swift */,
			);
			path = Services;
			sourceTree = "<group>";
		};
/* End PBXGroup section */

/* Begin PBXNativeTarget section */
		A529C2AF28FEF60500E2FD55 /* Task1 */ = {
			isa = PBXNativeTarget;
			buildConfigurationList = A529C2C428FEF60600E2FD55 /* Build configuration list for PBXNativeTarget "Task1" */;
			buildPhases = (
				A529C2AC28FEF60500E2FD55 /* Sources */,
				A529C2AD28FEF60500E2FD55 /* Frameworks */,
				A529C2AE28FEF60500E2FD55 /* Resources */,
			);
			buildRules = (
			);
			dependencies = (
			);
			name = Task1;
			packageProductDependencies = (
				A5F0DC74291C0E2700253DB3 /* SnapKit */,
				A5F0DC77291C167B00253DB3 /* Reusable */,
				A5F0DC7C291C252D00253DB3 /* SPIndicator */,
				A5E6A2BD292A7ECE005018E8 /* GradientLoadingBar */,
				A52581CE29620FCE00136BE7 /* Pulsator */,
				A52581D32962441100136BE7 /* UIOnboarding */,
				A52581DA2963237B00136BE7 /* EasyTipView */,
				A52581DD2963868800136BE7 /* Flurry */,
				A52581DF2963868800136BE7 /* FlurryConfig */,
				A52581E12963868800136BE7 /* FlurryMessaging */,
			);
			productName = AvitoInternship2022;
			productReference = A529C2B028FEF60500E2FD55 /* Task1.app */;
			productType = "com.apple.product-type.application";
		};
/* End PBXNativeTarget section */

/* Begin PBXProject section */
		A529C2A828FEF60500E2FD55 /* Project object */ = {
			isa = PBXProject;
			attributes = {
				BuildIndependentTargetsInParallel = 1;
				LastSwiftUpdateCheck = 1400;
				LastUpgradeCheck = 1400;
				TargetAttributes = {
					A529C2AF28FEF60500E2FD55 = {
						CreatedOnToolsVersion = 14.0;
						LastSwiftMigration = 1400;
					};
				};
			};
			buildConfigurationList = A529C2AB28FEF60500E2FD55 /* Build configuration list for PBXProject "Task1" */;
			compatibilityVersion = "Xcode 13.0";
			developmentRegion = en;
			hasScannedForEncodings = 0;
			knownRegions = (
				en,
				Base,
			);
			mainGroup = A529C2A728FEF60500E2FD55;
			packageReferences = (
				A5F0DC73291C0E2700253DB3 /* XCRemoteSwiftPackageReference "SnapKit" */,
				A5F0DC76291C167B00253DB3 /* XCRemoteSwiftPackageReference "Reusable" */,
				A5F0DC7B291C252D00253DB3 /* XCRemoteSwiftPackageReference "SPIndicator" */,
				A5E6A2BC292A7ECE005018E8 /* XCRemoteSwiftPackageReference "GradientLoadingBar" */,
				A52581CD29620FCE00136BE7 /* XCRemoteSwiftPackageReference "Pulsator" */,
				A52581D22962441100136BE7 /* XCRemoteSwiftPackageReference "UIOnboarding" */,
				A52581D92963237B00136BE7 /* XCRemoteSwiftPackageReference "EasyTipView" */,
				A52581DC2963868800136BE7 /* XCRemoteSwiftPackageReference "FlurrySwiftPackage" */,
			);
			productRefGroup = A529C2B128FEF60500E2FD55 /* Products */;
			projectDirPath = "";
			projectRoot = "";
			targets = (
				A529C2AF28FEF60500E2FD55 /* Task1 */,
			);
		};
/* End PBXProject section */

/* Begin PBXResourcesBuildPhase section */
		A529C2AE28FEF60500E2FD55 /* Resources */ = {
			isa = PBXResourcesBuildPhase;
			buildActionMask = 2147483647;
			files = (
				A529C2C028FEF60600E2FD55 /* LaunchScreen.storyboard in Resources */,
				A529C2BD28FEF60600E2FD55 /* Assets.xcassets in Resources */,
			);
			runOnlyForDeploymentPostprocessing = 0;
		};
/* End PBXResourcesBuildPhase section */

/* Begin PBXSourcesBuildPhase section */
		A529C2AC28FEF60500E2FD55 /* Sources */ = {
			isa = PBXSourcesBuildPhase;
			buildActionMask = 2147483647;
			files = (
				A551D0E3292295A100241A76 /* DiscoveryScreenWireframe.swift in Sources */,
				A551D0E1292295A100241A76 /* DiscoveryScreenPresenter.swift in Sources */,
				A529C30628FEFFA000E2FD55 /* BaseWireframe.swift in Sources */,
				A52581D62962442C00136BE7 /* Onboarding.swift in Sources */,
				A551D0D82922958500241A76 /* TalkingScreenInterfaces.swift in Sources */,
				A529C30928FEFFA000E2FD55 /* PresenterInterface.swift in Sources */,
				A529C2B428FEF60500E2FD55 /* AppDelegate.swift in Sources */,
				A5F0DC72291C0AE800253DB3 /* ConnectionManager.swift in Sources */,
				A551D0DA2922958500241A76 /* TalkingScreenViewController.swift in Sources */,
				A5F0DC7F291C2AF000253DB3 /* AudioStreamer.swift in Sources */,
				A551D0ED2922D45500241A76 /* Section.swift in Sources */,
				A52581D129621DCA00136BE7 /* Constants.swift in Sources */,
				A551D0D92922958500241A76 /* TalkingScreenPresenter.swift in Sources */,
				A551D0E62922A8B600241A76 /* PeerModel.swift in Sources */,
				A551D0DB2922958500241A76 /* TalkingScreenWireframe.swift in Sources */,
				A529C30728FEFFA000E2FD55 /* ViewInterface.swift in Sources */,
				A551D0EB2922D43B00241A76 /* PeerCell.swift in Sources */,
				A551D0E2292295A100241A76 /* DiscoveryScreenViewController.swift in Sources */,
				A551D0E0292295A100241A76 /* DiscoveryScreenInterfaces.swift in Sources */,
				A5D629832925718000FF8C96 /* LocationManager.swift in Sources */,
				A551D0E82922A91D00241A76 /* TalkBlockReason.swift in Sources */,
			);
			runOnlyForDeploymentPostprocessing = 0;
		};
/* End PBXSourcesBuildPhase section */

/* Begin PBXVariantGroup section */
		A529C2BE28FEF60600E2FD55 /* LaunchScreen.storyboard */ = {
			isa = PBXVariantGroup;
			children = (
				A529C2BF28FEF60600E2FD55 /* Base */,
			);
			name = LaunchScreen.storyboard;
			sourceTree = "<group>";
		};
/* End PBXVariantGroup section */

/* Begin XCBuildConfiguration section */
		A529C2C228FEF60600E2FD55 /* Debug */ = {
			isa = XCBuildConfiguration;
			buildSettings = {
				ALWAYS_SEARCH_USER_PATHS = NO;
				CLANG_ANALYZER_NONNULL = YES;
				CLANG_ANALYZER_NUMBER_OBJECT_CONVERSION = YES_AGGRESSIVE;
				CLANG_CXX_LANGUAGE_STANDARD = "gnu++20";
				CLANG_ENABLE_MODULES = YES;
				CLANG_ENABLE_OBJC_ARC = YES;
				CLANG_ENABLE_OBJC_WEAK = YES;
				CLANG_WARN_BLOCK_CAPTURE_AUTORELEASING = YES;
				CLANG_WARN_BOOL_CONVERSION = YES;
				CLANG_WARN_COMMA = YES;
				CLANG_WARN_CONSTANT_CONVERSION = YES;
				CLANG_WARN_DEPRECATED_OBJC_IMPLEMENTATIONS = YES;
				CLANG_WARN_DIRECT_OBJC_ISA_USAGE = YES_ERROR;
				CLANG_WARN_DOCUMENTATION_COMMENTS = YES;
				CLANG_WARN_EMPTY_BODY = YES;
				CLANG_WARN_ENUM_CONVERSION = YES;
				CLANG_WARN_INFINITE_RECURSION = YES;
				CLANG_WARN_INT_CONVERSION = YES;
				CLANG_WARN_NON_LITERAL_NULL_CONVERSION = YES;
				CLANG_WARN_OBJC_IMPLICIT_RETAIN_SELF = YES;
				CLANG_WARN_OBJC_LITERAL_CONVERSION = YES;
				CLANG_WARN_OBJC_ROOT_CLASS = YES_ERROR;
				CLANG_WARN_QUOTED_INCLUDE_IN_FRAMEWORK_HEADER = YES;
				CLANG_WARN_RANGE_LOOP_ANALYSIS = YES;
				CLANG_WARN_STRICT_PROTOTYPES = YES;
				CLANG_WARN_SUSPICIOUS_MOVE = YES;
				CLANG_WARN_UNGUARDED_AVAILABILITY = YES_AGGRESSIVE;
				CLANG_WARN_UNREACHABLE_CODE = YES;
				CLANG_WARN__DUPLICATE_METHOD_MATCH = YES;
				COPY_PHASE_STRIP = NO;
				DEBUG_INFORMATION_FORMAT = dwarf;
				ENABLE_STRICT_OBJC_MSGSEND = YES;
				ENABLE_TESTABILITY = YES;
				GCC_C_LANGUAGE_STANDARD = gnu11;
				GCC_DYNAMIC_NO_PIC = NO;
				GCC_NO_COMMON_BLOCKS = YES;
				GCC_OPTIMIZATION_LEVEL = 0;
				GCC_PREPROCESSOR_DEFINITIONS = (
					"DEBUG=1",
					"$(inherited)",
				);
				GCC_WARN_64_TO_32_BIT_CONVERSION = YES;
				GCC_WARN_ABOUT_RETURN_TYPE = YES_ERROR;
				GCC_WARN_UNDECLARED_SELECTOR = YES;
				GCC_WARN_UNINITIALIZED_AUTOS = YES_AGGRESSIVE;
				GCC_WARN_UNUSED_FUNCTION = YES;
				GCC_WARN_UNUSED_VARIABLE = YES;
				IPHONEOS_DEPLOYMENT_TARGET = 13.0;
				MTL_ENABLE_DEBUG_INFO = INCLUDE_SOURCE;
				MTL_FAST_MATH = YES;
				ONLY_ACTIVE_ARCH = YES;
				SDKROOT = iphoneos;
				SWIFT_ACTIVE_COMPILATION_CONDITIONS = DEBUG;
				SWIFT_OPTIMIZATION_LEVEL = "-Onone";
				SWIFT_PRECOMPILE_BRIDGING_HEADER = NO;
			};
			name = Debug;
		};
		A529C2C328FEF60600E2FD55 /* Release */ = {
			isa = XCBuildConfiguration;
			buildSettings = {
				ALWAYS_SEARCH_USER_PATHS = NO;
				CLANG_ANALYZER_NONNULL = YES;
				CLANG_ANALYZER_NUMBER_OBJECT_CONVERSION = YES_AGGRESSIVE;
				CLANG_CXX_LANGUAGE_STANDARD = "gnu++20";
				CLANG_ENABLE_MODULES = YES;
				CLANG_ENABLE_OBJC_ARC = YES;
				CLANG_ENABLE_OBJC_WEAK = YES;
				CLANG_WARN_BLOCK_CAPTURE_AUTORELEASING = YES;
				CLANG_WARN_BOOL_CONVERSION = YES;
				CLANG_WARN_COMMA = YES;
				CLANG_WARN_CONSTANT_CONVERSION = YES;
				CLANG_WARN_DEPRECATED_OBJC_IMPLEMENTATIONS = YES;
				CLANG_WARN_DIRECT_OBJC_ISA_USAGE = YES_ERROR;
				CLANG_WARN_DOCUMENTATION_COMMENTS = YES;
				CLANG_WARN_EMPTY_BODY = YES;
				CLANG_WARN_ENUM_CONVERSION = YES;
				CLANG_WARN_INFINITE_RECURSION = YES;
				CLANG_WARN_INT_CONVERSION = YES;
				CLANG_WARN_NON_LITERAL_NULL_CONVERSION = YES;
				CLANG_WARN_OBJC_IMPLICIT_RETAIN_SELF = YES;
				CLANG_WARN_OBJC_LITERAL_CONVERSION = YES;
				CLANG_WARN_OBJC_ROOT_CLASS = YES_ERROR;
				CLANG_WARN_QUOTED_INCLUDE_IN_FRAMEWORK_HEADER = YES;
				CLANG_WARN_RANGE_LOOP_ANALYSIS = YES;
				CLANG_WARN_STRICT_PROTOTYPES = YES;
				CLANG_WARN_SUSPICIOUS_MOVE = YES;
				CLANG_WARN_UNGUARDED_AVAILABILITY = YES_AGGRESSIVE;
				CLANG_WARN_UNREACHABLE_CODE = YES;
				CLANG_WARN__DUPLICATE_METHOD_MATCH = YES;
				COPY_PHASE_STRIP = NO;
				DEBUG_INFORMATION_FORMAT = "dwarf-with-dsym";
				ENABLE_NS_ASSERTIONS = NO;
				ENABLE_STRICT_OBJC_MSGSEND = YES;
				GCC_C_LANGUAGE_STANDARD = gnu11;
				GCC_NO_COMMON_BLOCKS = YES;
				GCC_WARN_64_TO_32_BIT_CONVERSION = YES;
				GCC_WARN_ABOUT_RETURN_TYPE = YES_ERROR;
				GCC_WARN_UNDECLARED_SELECTOR = YES;
				GCC_WARN_UNINITIALIZED_AUTOS = YES_AGGRESSIVE;
				GCC_WARN_UNUSED_FUNCTION = YES;
				GCC_WARN_UNUSED_VARIABLE = YES;
				IPHONEOS_DEPLOYMENT_TARGET = 13.0;
				MTL_ENABLE_DEBUG_INFO = NO;
				MTL_FAST_MATH = YES;
				SDKROOT = iphoneos;
				SWIFT_COMPILATION_MODE = wholemodule;
				SWIFT_OPTIMIZATION_LEVEL = "-O";
				SWIFT_PRECOMPILE_BRIDGING_HEADER = NO;
				VALIDATE_PRODUCT = YES;
			};
			name = Release;
		};
		A529C2C528FEF60600E2FD55 /* Debug */ = {
			isa = XCBuildConfiguration;
			buildSettings = {
				ASSETCATALOG_COMPILER_APPICON_NAME = AppIcon;
				CLANG_ENABLE_MODULES = YES;
				CODE_SIGN_STYLE = Automatic;
				CURRENT_PROJECT_VERSION = 1;
				DEVELOPMENT_TEAM = 4D7YJ8BY8H;
				GENERATE_INFOPLIST_FILE = YES;
				INFOPLIST_FILE = Task1/Application/Info.plist;
				INFOPLIST_KEY_CFBundleDisplayName = "Walkie-Talkie";
				INFOPLIST_KEY_NSLocalNetworkUsageDescription = "To connect to peers in local network";
				INFOPLIST_KEY_NSMicrophoneUsageDescription = "To record and send voice in walkie-talkie mode";
				INFOPLIST_KEY_UIApplicationSupportsIndirectInputEvents = YES;
				INFOPLIST_KEY_UILaunchStoryboardName = LaunchScreen;
				INFOPLIST_KEY_UISupportedInterfaceOrientations = UIInterfaceOrientationPortrait;
				INFOPLIST_KEY_UISupportedInterfaceOrientations_iPad = "UIInterfaceOrientationLandscapeLeft UIInterfaceOrientationLandscapeRight UIInterfaceOrientationPortrait UIInterfaceOrientationPortraitUpsideDown";
				LD_RUNPATH_SEARCH_PATHS = (
					"$(inherited)",
					"@executable_path/Frameworks",
				);
				MARKETING_VERSION = 1.0;
				PRODUCT_BUNDLE_IDENTIFIER = com.IgorKlyuzhev.Task1;
				PRODUCT_NAME = "$(TARGET_NAME)";
				SUPPORTED_PLATFORMS = "iphoneos iphonesimulator";
				SUPPORTS_MACCATALYST = NO;
				SUPPORTS_MAC_DESIGNED_FOR_IPHONE_IPAD = NO;
				SWIFT_EMIT_LOC_STRINGS = YES;
				SWIFT_OPTIMIZATION_LEVEL = "-Onone";
				SWIFT_PRECOMPILE_BRIDGING_HEADER = NO;
				SWIFT_VERSION = 5.0;
				TARGETED_DEVICE_FAMILY = 1;
			};
			name = Debug;
		};
		A529C2C628FEF60600E2FD55 /* Release */ = {
			isa = XCBuildConfiguration;
			buildSettings = {
				ASSETCATALOG_COMPILER_APPICON_NAME = AppIcon;
				CLANG_ENABLE_MODULES = YES;
				CODE_SIGN_STYLE = Automatic;
				CURRENT_PROJECT_VERSION = 1;
				DEVELOPMENT_TEAM = 4D7YJ8BY8H;
				GENERATE_INFOPLIST_FILE = YES;
				INFOPLIST_FILE = Task1/Application/Info.plist;
				INFOPLIST_KEY_CFBundleDisplayName = "Walkie-Talkie";
				INFOPLIST_KEY_NSLocalNetworkUsageDescription = "To connect to peers in local network";
				INFOPLIST_KEY_NSMicrophoneUsageDescription = "To record and send voice in walkie-talkie mode";
				INFOPLIST_KEY_UIApplicationSupportsIndirectInputEvents = YES;
				INFOPLIST_KEY_UILaunchStoryboardName = LaunchScreen;
				INFOPLIST_KEY_UISupportedInterfaceOrientations = UIInterfaceOrientationPortrait;
				INFOPLIST_KEY_UISupportedInterfaceOrientations_iPad = "UIInterfaceOrientationLandscapeLeft UIInterfaceOrientationLandscapeRight UIInterfaceOrientationPortrait UIInterfaceOrientationPortraitUpsideDown";
				LD_RUNPATH_SEARCH_PATHS = (
					"$(inherited)",
					"@executable_path/Frameworks",
				);
				MARKETING_VERSION = 1.0;
				PRODUCT_BUNDLE_IDENTIFIER = com.IgorKlyuzhev.Task1;
				PRODUCT_NAME = "$(TARGET_NAME)";
				SUPPORTED_PLATFORMS = "iphoneos iphonesimulator";
				SUPPORTS_MACCATALYST = NO;
				SUPPORTS_MAC_DESIGNED_FOR_IPHONE_IPAD = NO;
				SWIFT_EMIT_LOC_STRINGS = YES;
				SWIFT_PRECOMPILE_BRIDGING_HEADER = NO;
				SWIFT_VERSION = 5.0;
				TARGETED_DEVICE_FAMILY = 1;
			};
			name = Release;
		};
/* End XCBuildConfiguration section */

/* Begin XCConfigurationList section */
		A529C2AB28FEF60500E2FD55 /* Build configuration list for PBXProject "Task1" */ = {
			isa = XCConfigurationList;
			buildConfigurations = (
				A529C2C228FEF60600E2FD55 /* Debug */,
				A529C2C328FEF60600E2FD55 /* Release */,
			);
			defaultConfigurationIsVisible = 0;
			defaultConfigurationName = Release;
		};
		A529C2C428FEF60600E2FD55 /* Build configuration list for PBXNativeTarget "Task1" */ = {
			isa = XCConfigurationList;
			buildConfigurations = (
				A529C2C528FEF60600E2FD55 /* Debug */,
				A529C2C628FEF60600E2FD55 /* Release */,
			);
			defaultConfigurationIsVisible = 0;
			defaultConfigurationName = Release;
		};
/* End XCConfigurationList section */

/* Begin XCRemoteSwiftPackageReference section */
		A52581CD29620FCE00136BE7 /* XCRemoteSwiftPackageReference "Pulsator" */ = {
			isa = XCRemoteSwiftPackageReference;
			repositoryURL = "https://github.com/shu223/Pulsator";
			requirement = {
				kind = upToNextMajorVersion;
				minimumVersion = 0.6.3;
			};
		};
		A52581D22962441100136BE7 /* XCRemoteSwiftPackageReference "UIOnboarding" */ = {
			isa = XCRemoteSwiftPackageReference;
			repositoryURL = "https://github.com/lascic/UIOnboarding.git";
			requirement = {
				kind = upToNextMajorVersion;
				minimumVersion = 2.0.0;
			};
		};
		A52581D92963237B00136BE7 /* XCRemoteSwiftPackageReference "EasyTipView" */ = {
			isa = XCRemoteSwiftPackageReference;
			repositoryURL = "https://github.com/teodorpatras/EasyTipView";
			requirement = {
				kind = upToNextMajorVersion;
				minimumVersion = 2.0.0;
			};
		};
		A52581DC2963868800136BE7 /* XCRemoteSwiftPackageReference "FlurrySwiftPackage" */ = {
			isa = XCRemoteSwiftPackageReference;
			repositoryURL = "https://github.com/flurry/FlurrySwiftPackage/";
			requirement = {
				kind = upToNextMajorVersion;
				minimumVersion = 12.0.0;
			};
		};
		A5E6A2BC292A7ECE005018E8 /* XCRemoteSwiftPackageReference "GradientLoadingBar" */ = {
			isa = XCRemoteSwiftPackageReference;
			repositoryURL = "https://github.com/fxm90/GradientLoadingBar";
			requirement = {
				kind = upToNextMajorVersion;
				minimumVersion = 3.0.0;
			};
		};
		A5F0DC73291C0E2700253DB3 /* XCRemoteSwiftPackageReference "SnapKit" */ = {
			isa = XCRemoteSwiftPackageReference;
			repositoryURL = "https://github.com/SnapKit/SnapKit";
			requirement = {
				kind = upToNextMajorVersion;
				minimumVersion = 5.0.0;
			};
		};
		A5F0DC76291C167B00253DB3 /* XCRemoteSwiftPackageReference "Reusable" */ = {
			isa = XCRemoteSwiftPackageReference;
			repositoryURL = "https://github.com/AliSoftware/Reusable.git";
			requirement = {
				kind = upToNextMajorVersion;
				minimumVersion = 4.0.0;
			};
		};
		A5F0DC7B291C252D00253DB3 /* XCRemoteSwiftPackageReference "SPIndicator" */ = {
			isa = XCRemoteSwiftPackageReference;
			repositoryURL = "https://github.com/ivanvorobei/SPIndicator";
			requirement = {
				kind = upToNextMajorVersion;
				minimumVersion = 1.0.0;
			};
		};
/* End XCRemoteSwiftPackageReference section */

/* Begin XCSwiftPackageProductDependency section */
		A52581CE29620FCE00136BE7 /* Pulsator */ = {
			isa = XCSwiftPackageProductDependency;
			package = A52581CD29620FCE00136BE7 /* XCRemoteSwiftPackageReference "Pulsator" */;
			productName = Pulsator;
		};
		A52581D32962441100136BE7 /* UIOnboarding */ = {
			isa = XCSwiftPackageProductDependency;
			package = A52581D22962441100136BE7 /* XCRemoteSwiftPackageReference "UIOnboarding" */;
			productName = UIOnboarding;
		};
		A52581DA2963237B00136BE7 /* EasyTipView */ = {
			isa = XCSwiftPackageProductDependency;
			package = A52581D92963237B00136BE7 /* XCRemoteSwiftPackageReference "EasyTipView" */;
			productName = EasyTipView;
		};
		A52581DD2963868800136BE7 /* Flurry */ = {
			isa = XCSwiftPackageProductDependency;
			package = A52581DC2963868800136BE7 /* XCRemoteSwiftPackageReference "FlurrySwiftPackage" */;
			productName = Flurry;
		};
		A52581DF2963868800136BE7 /* FlurryConfig */ = {
			isa = XCSwiftPackageProductDependency;
			package = A52581DC2963868800136BE7 /* XCRemoteSwiftPackageReference "FlurrySwiftPackage" */;
			productName = FlurryConfig;
		};
		A52581E12963868800136BE7 /* FlurryMessaging */ = {
			isa = XCSwiftPackageProductDependency;
			package = A52581DC2963868800136BE7 /* XCRemoteSwiftPackageReference "FlurrySwiftPackage" */;
			productName = FlurryMessaging;
		};
		A5E6A2BD292A7ECE005018E8 /* GradientLoadingBar */ = {
			isa = XCSwiftPackageProductDependency;
			package = A5E6A2BC292A7ECE005018E8 /* XCRemoteSwiftPackageReference "GradientLoadingBar" */;
			productName = GradientLoadingBar;
		};
		A5F0DC74291C0E2700253DB3 /* SnapKit */ = {
			isa = XCSwiftPackageProductDependency;
			package = A5F0DC73291C0E2700253DB3 /* XCRemoteSwiftPackageReference "SnapKit" */;
			productName = SnapKit;
		};
		A5F0DC77291C167B00253DB3 /* Reusable */ = {
			isa = XCSwiftPackageProductDependency;
			package = A5F0DC76291C167B00253DB3 /* XCRemoteSwiftPackageReference "Reusable" */;
			productName = Reusable;
		};
		A5F0DC7C291C252D00253DB3 /* SPIndicator */ = {
			isa = XCSwiftPackageProductDependency;
			package = A5F0DC7B291C252D00253DB3 /* XCRemoteSwiftPackageReference "SPIndicator" */;
			productName = SPIndicator;
		};
/* End XCSwiftPackageProductDependency section */
	};
	rootObject = A529C2A828FEF60500E2FD55 /* Project object */;
}
